
Microsoft Visual Studio Solution File, Format Version 12.00
# Visual Studio Version 16
VisualStudioVersion = 16.0.30406.217
MinimumVisualStudioVersion = 10.0.40219.1
Project("{9A19103F-16F7-4668-BE54-9A1E7A4F7556}") = "MahtaKala", "MahtaKala\MahtaKala.csproj", "{6FFB8419-67B9-4A6D-B60F-3960A98B3AEC}"
EndProject
Project("{9A19103F-16F7-4668-BE54-9A1E7A4F7556}") = "Entities", "Entitties\Entities.csproj", "{7DF7FF1B-8161-40E6-AD11-09FBB28121B4}"
EndProject
Project("{9A19103F-16F7-4668-BE54-9A1E7A4F7556}") = "GeneralServices", "GeneralServices\GeneralServices.csproj", "{887D17C5-53C9-4030-828E-18157CAF07AD}"
EndProject
Project("{9A19103F-16F7-4668-BE54-9A1E7A4F7556}") = "SharedServices", "SharedServices\SharedServices.csproj", "{2E0FD5E9-992B-450E-AFA7-6DAA4EC97544}"
EndProject
Project("{9A19103F-16F7-4668-BE54-9A1E7A4F7556}") = "ExportDataToPG", "ExportDataToPG\ExportDataToPG.csproj", "{B0F10FE6-8F22-42D9-96C9-49CB708F03E0}"
EndProject
Project("{9A19103F-16F7-4668-BE54-9A1E7A4F7556}") = "QuantityRollerBacker", "QuantityRollerBacker\QuantityRollerBacker.csproj", "{FF61A08A-D772-40B4-9F1A-800809F9E40A}"
EndProject
Global
	GlobalSection(SolutionConfigurationPlatforms) = preSolution
		Debug|Any CPU = Debug|Any CPU
		Release|Any CPU = Release|Any CPU
	EndGlobalSection
	GlobalSection(ProjectConfigurationPlatforms) = postSolution
		{6FFB8419-67B9-4A6D-B60F-3960A98B3AEC}.Debug|Any CPU.ActiveCfg = Debug|Any CPU
		{6FFB8419-67B9-4A6D-B60F-3960A98B3AEC}.Debug|Any CPU.Build.0 = Debug|Any CPU
		{6FFB8419-67B9-4A6D-B60F-3960A98B3AEC}.Release|Any CPU.ActiveCfg = Release|Any CPU
		{6FFB8419-67B9-4A6D-B60F-3960A98B3AEC}.Release|Any CPU.Build.0 = Release|Any CPU
		{7DF7FF1B-8161-40E6-AD11-09FBB28121B4}.Debug|Any CPU.ActiveCfg = Debug|Any CPU
		{7DF7FF1B-8161-40E6-AD11-09FBB28121B4}.Debug|Any CPU.Build.0 = Debug|Any CPU
		{7DF7FF1B-8161-40E6-AD11-09FBB28121B4}.Release|Any CPU.ActiveCfg = Release|Any CPU
		{7DF7FF1B-8161-40E6-AD11-09FBB28121B4}.Release|Any CPU.Build.0 = Release|Any CPU
		{887D17C5-53C9-4030-828E-18157CAF07AD}.Debug|Any CPU.ActiveCfg = Debug|Any CPU
		{887D17C5-53C9-4030-828E-18157CAF07AD}.Debug|Any CPU.Build.0 = Debug|Any CPU
		{887D17C5-53C9-4030-828E-18157CAF07AD}.Release|Any CPU.ActiveCfg = Release|Any CPU
		{887D17C5-53C9-4030-828E-18157CAF07AD}.Release|Any CPU.Build.0 = Release|Any CPU
		{2E0FD5E9-992B-450E-AFA7-6DAA4EC97544}.Debug|Any CPU.ActiveCfg = Debug|Any CPU
		{2E0FD5E9-992B-450E-AFA7-6DAA4EC97544}.Debug|Any CPU.Build.0 = Debug|Any CPU
		{2E0FD5E9-992B-450E-AFA7-6DAA4EC97544}.Release|Any CPU.ActiveCfg = Release|Any CPU
		{2E0FD5E9-992B-450E-AFA7-6DAA4EC97544}.Release|Any CPU.Build.0 = Release|Any CPU
		{B0F10FE6-8F22-42D9-96C9-49CB708F03E0}.Debug|Any CPU.ActiveCfg = Debug|Any CPU
		{B0F10FE6-8F22-42D9-96C9-49CB708F03E0}.Debug|Any CPU.Build.0 = Debug|Any CPU
		{B0F10FE6-8F22-42D9-96C9-49CB708F03E0}.Release|Any CPU.ActiveCfg = Release|Any CPU
		{B0F10FE6-8F22-42D9-96C9-49CB708F03E0}.Release|Any CPU.Build.0 = Release|Any CPU
		{FF61A08A-D772-40B4-9F1A-800809F9E40A}.Debug|Any CPU.ActiveCfg = Debug|Any CPU
		{FF61A08A-D772-40B4-9F1A-800809F9E40A}.Debug|Any CPU.Build.0 = Debug|Any CPU
		{FF61A08A-D772-40B4-9F1A-800809F9E40A}.Release|Any CPU.ActiveCfg = Release|Any CPU
		{FF61A08A-D772-40B4-9F1A-800809F9E40A}.Release|Any CPU.Build.0 = Release|Any CPU
	EndGlobalSection
	GlobalSection(SolutionProperties) = preSolution
		HideSolutionNode = FALSE
	EndGlobalSection
	GlobalSection(ExtensibilityGlobals) = postSolution
		SolutionGuid = {5815E86C-6D8D-48E0-82B9-5CB2BAA7E7FA}
	EndGlobalSection
EndGlobal
